{
  "name": "design-system",
  "version": "0.0.1",
  "lockfileVersion": 3,
  "requires": true,
  "packages": {
    "": {
      "name": "design-system",
      "version": "0.0.1",
      "devDependencies": {
        "@types/react-slick": "^0.23.13"
      }
    },
    "../../node_modules/.pnpm/@testing-library+dom@10.4.0/node_modules/@testing-library/dom": {
      "version": "10.4.0",
      "extraneous": true,
      "license": "MIT",
      "dependencies": {
        "@babel/code-frame": "^7.10.4",
        "@babel/runtime": "^7.12.5",
        "@types/aria-query": "^5.0.1",
        "aria-query": "5.3.0",
        "chalk": "^4.1.0",
        "dom-accessibility-api": "^0.5.9",
        "lz-string": "^1.5.0",
        "pretty-format": "^27.0.2"
      },
      "devDependencies": {
        "@testing-library/jest-dom": "^5.11.6",
        "browserslist": "4.21.8",
        "caniuse-lite": "1.0.30001502",
        "jest-in-case": "^1.0.2",
        "jest-snapshot-serializer-ansi": "^1.0.0",
        "jest-watch-select-projects": "^2.0.0",
        "jsdom": "20.0.0",
        "kcd-scripts": "^13.0.0",
        "typescript": "^4.1.2"
      },
      "engines": {
        "node": ">=18"
      }
    },
    "../../node_modules/.pnpm/@testing-library+react@15.0.6_@types+react@18.3.1_react-dom@18.3.1_react@18.3.1__react@18.3.1/node_modules/@testing-library/react": {
      "version": "15.0.6",
      "extraneous": true,
      "license": "MIT",
      "dependencies": {
        "@babel/runtime": "^7.12.5",
        "@testing-library/dom": "^10.0.0",
        "@types/react-dom": "^18.0.0"
      },
      "devDependencies": {
        "@testing-library/jest-dom": "^5.11.6",
        "@types/react": "^18.3.1",
        "chalk": "^4.1.2",
        "dotenv-cli": "^4.0.0",
        "jest-diff": "^29.7.0",
        "kcd-scripts": "^13.0.0",
        "npm-run-all": "^4.1.5",
        "react": "^18.3.1",
        "react-dom": "^18.3.0",
        "rimraf": "^3.0.2",
        "typescript": "^4.1.2"
      },
      "engines": {
        "node": ">=18"
      },
      "peerDependencies": {
        "@types/react": "^18.0.0",
        "react": "^18.0.0",
        "react-dom": "^18.0.0"
      },
      "peerDependenciesMeta": {
        "@types/react": {
          "optional": true
        }
      }
    },
    "../../node_modules/.pnpm/@types+react-dom@18.3.0/node_modules/@types/react-dom": {
      "version": "18.3.0",
      "extraneous": true,
      "license": "MIT",
      "dependencies": {
        "@types/react": "*"
      }
    },
    "../../node_modules/.pnpm/@types+react@18.3.1/node_modules/@types/react": {
      "version": "18.3.1",
      "dev": true,
      "license": "MIT",
      "dependencies": {
        "@types/prop-types": "*",
        "csstype": "^3.0.2"
      }
    },
    "node_modules/@types/react": {
      "resolved": "../../node_modules/.pnpm/@types+react@18.3.1/node_modules/@types/react",
      "link": true
    },
    "node_modules/@types/react-slick": {
      "version": "0.23.13",
      "resolved": "https://registry.npmjs.org/@types/react-slick/-/react-slick-0.23.13.tgz",
      "integrity": "sha512-bNZfDhe/L8t5OQzIyhrRhBr/61pfBcWaYJoq6UDqFtv5LMwfg4NsVDD2J8N01JqdAdxLjOt66OZEp6PX+dGs/A==",
      "dev": true,
      "dependencies": {
        "@types/react": "*"
      }
    }
  }
}
